
Microsoft Visual Studio Solution File, Format Version 12.00
# Visual Studio Version 17
VisualStudioVersion = 17.5.33424.131
MinimumVisualStudioVersion = 10.0.40219.1
Project("{FAE04EC0-301F-11D3-BF4B-00C04F79EFBC}") = "TaskManagement.Api", "TaskManagement.Api\TaskManagement.Api.csproj", "{96D3E7D8-0978-4700-B9CF-8A95859FAD34}"
EndProject
Project("{FAE04EC0-301F-11D3-BF4B-00C04F79EFBC}") = "TaskManagement.Bus.Infrastructure", "TaskManagement.Bus\TaskManagement.Bus.Infrastructure.csproj", "{7DC7A611-A4C0-4110-9522-7706392130E8}"
EndProject
Project("{FAE04EC0-301F-11D3-BF4B-00C04F79EFBC}") = "TaskManagement.Services", "TaskManagement.Services\TaskManagement.Services.csproj", "{EFF56875-BA31-4CD6-AEC4-8F720F61735F}"
EndProject
Project("{FAE04EC0-301F-11D3-BF4B-00C04F79EFBC}") = "TaskManagement.Services.Tests", "TaskManagement.Services.Tests\TaskManagement.Services.Tests.csproj", "{2390DD56-89C5-477A-9692-F469CD13CA02}"
EndProject
Global
	GlobalSection(SolutionConfigurationPlatforms) = preSolution
		Debug|Any CPU = Debug|Any CPU
		Release|Any CPU = Release|Any CPU
	EndGlobalSection
	GlobalSection(ProjectConfigurationPlatforms) = postSolution
		{96D3E7D8-0978-4700-B9CF-8A95859FAD34}.Debug|Any CPU.ActiveCfg = Debug|Any CPU
		{96D3E7D8-0978-4700-B9CF-8A95859FAD34}.Debug|Any CPU.Build.0 = Debug|Any CPU
		{96D3E7D8-0978-4700-B9CF-8A95859FAD34}.Release|Any CPU.ActiveCfg = Release|Any CPU
		{96D3E7D8-0978-4700-B9CF-8A95859FAD34}.Release|Any CPU.Build.0 = Release|Any CPU
		{7DC7A611-A4C0-4110-9522-7706392130E8}.Debug|Any CPU.ActiveCfg = Debug|Any CPU
		{7DC7A611-A4C0-4110-9522-7706392130E8}.Debug|Any CPU.Build.0 = Debug|Any CPU
		{7DC7A611-A4C0-4110-9522-7706392130E8}.Release|Any CPU.ActiveCfg = Release|Any CPU
		{7DC7A611-A4C0-4110-9522-7706392130E8}.Release|Any CPU.Build.0 = Release|Any CPU
		{EFF56875-BA31-4CD6-AEC4-8F720F61735F}.Debug|Any CPU.ActiveCfg = Debug|Any CPU
		{EFF56875-BA31-4CD6-AEC4-8F720F61735F}.Debug|Any CPU.Build.0 = Debug|Any CPU
		{EFF56875-BA31-4CD6-AEC4-8F720F61735F}.Release|Any CPU.ActiveCfg = Release|Any CPU
		{EFF56875-BA31-4CD6-AEC4-8F720F61735F}.Release|Any CPU.Build.0 = Release|Any CPU
		{2390DD56-89C5-477A-9692-F469CD13CA02}.Debug|Any CPU.ActiveCfg = Debug|Any CPU
		{2390DD56-89C5-477A-9692-F469CD13CA02}.Debug|Any CPU.Build.0 = Debug|Any CPU
		{2390DD56-89C5-477A-9692-F469CD13CA02}.Release|Any CPU.ActiveCfg = Release|Any CPU
		{2390DD56-89C5-477A-9692-F469CD13CA02}.Release|Any CPU.Build.0 = Release|Any CPU
	EndGlobalSection
	GlobalSection(SolutionProperties) = preSolution
		HideSolutionNode = FALSE
	EndGlobalSection
	GlobalSection(ExtensibilityGlobals) = postSolution
		SolutionGuid = {2212E4D6-EF5B-41B3-969E-D7DAC0868295}
	EndGlobalSection
EndGlobal
